
Microsoft Visual Studio Solution File, Format Version 12.00
# Visual Studio Version 17
VisualStudioVersion = 17.8.34316.72
MinimumVisualStudioVersion = 10.0.40219.1
Project("{FAE04EC0-301F-11D3-BF4B-00C04F79EFBC}") = "MVCStok", "MVCStok\MVCStok.csproj", "{AD09C889-4AAC-4FE8-A52F-D06506B2828B}"
EndProject
Global
	GlobalSection(SolutionConfigurationPlatforms) = preSolution
		Debug|Any CPU = Debug|Any CPU
		Release|Any CPU = Release|Any CPU
	EndGlobalSection
	GlobalSection(ProjectConfigurationPlatforms) = postSolution
		{AD09C889-4AAC-4FE8-A52F-D06506B2828B}.Debug|Any CPU.ActiveCfg = Debug|Any CPU
		{AD09C889-4AAC-4FE8-A52F-D06506B2828B}.Debug|Any CPU.Build.0 = Debug|Any CPU
		{AD09C889-4AAC-4FE8-A52F-D06506B2828B}.Release|Any CPU.ActiveCfg = Release|Any CPU
		{AD09C889-4AAC-4FE8-A52F-D06506B2828B}.Release|Any CPU.Build.0 = Release|Any CPU
	EndGlobalSection
	GlobalSection(SolutionProperties) = preSolution
		HideSolutionNode = FALSE
	EndGlobalSection
	GlobalSection(ExtensibilityGlobals) = postSolution
		SolutionGuid = {5A0B3F1D-C260-4904-9322-59361F1EBE4E}
	EndGlobalSection
EndGlobal
